
Microsoft Visual Studio Solution File, Format Version 12.00
# Visual Studio Version 17
VisualStudioVersion = 17.9.34728.123
MinimumVisualStudioVersion = 10.0.40219.1
Project("{FAE04EC0-301F-11D3-BF4B-00C04F79EFBC}") = "MahataCrm", "MahataCrm\MahataCrm.csproj", "{4489CF06-EFA9-4446-B9AD-877B796799FC}"
EndProject
Global
	GlobalSection(SolutionConfigurationPlatforms) = preSolution
		Debug|Any CPU = Debug|Any CPU
		Release|Any CPU = Release|Any CPU
	EndGlobalSection
	GlobalSection(ProjectConfigurationPlatforms) = postSolution
		{4489CF06-EFA9-4446-B9AD-877B796799FC}.Debug|Any CPU.ActiveCfg = Debug|Any CPU
		{4489CF06-EFA9-4446-B9AD-877B796799FC}.Debug|Any CPU.Build.0 = Debug|Any CPU
		{4489CF06-EFA9-4446-B9AD-877B796799FC}.Release|Any CPU.ActiveCfg = Release|Any CPU
		{4489CF06-EFA9-4446-B9AD-877B796799FC}.Release|Any CPU.Build.0 = Release|Any CPU
	EndGlobalSection
	GlobalSection(SolutionProperties) = preSolution
		HideSolutionNode = FALSE
	EndGlobalSection
	GlobalSection(ExtensibilityGlobals) = postSolution
		SolutionGuid = {BF3BBF22-D1EE-4C24-BD2D-E3CF5D72A609}
	EndGlobalSection
EndGlobal
